#MicroXplorer Configuration settings - do not modify
File.Version=6
KeepUserPlacement=false
Mcu.CPN=STM32F401RET6
Mcu.Family=STM32F4
Mcu.IP0=NVIC
Mcu.IP1=RCC
Mcu.IP2=SYS
Mcu.IP3=USART2
Mcu.IPNb=4
Mcu.Name=STM32F401R(D-E)Tx
Mcu.Package=LQFP64
Mcu.Pin0=PA2
Mcu.Pin1=PA3
Mcu.Pin2=PA5
Mcu.Pin3=PA13
Mcu.Pin4=PA14
Mcu.Pin5=PC13
Mcu.PinsNb=6
Mcu.UserName=STM32F401RETx
MxCube.Version=6.15.0
MxDb.Version=DB.6.0.150
PA2.Signal=USART2_TX
PA3.Signal=USART2_RX
PA5.GPIO_Label=LD2
PA5.Locked=true
PA5.Signal=GPIO_Output
PA13.Signal=SYS_JTMS-SWDIO
PA14.Signal=SYS_JTCK-SWCLK
PC13.GPIO_Label=B1
PC13.Signal=GPIO_EXTI13
ProjectManager.ProjectFileName=nucleo_f401re.ioc
ProjectManager.ProjectName=nucleo_f401re
ProjectManager.ToolChain=STM32CubeIDE
RCC.AHBFreq_Value=84000000
RCC.APB1Freq_Value=42000000
RCC.APB2Freq_Value=84000000
board=NUCLEO-F401RE

